
Microsoft Visual Studio Solution File, Format Version 12.00
# Visual Studio Version 16
VisualStudioVersion = 16.0.29709.97
MinimumVisualStudioVersion = 10.0.40219.1
Project("{FAE04EC0-301F-11D3-BF4B-00C04F79EFBC}") = "JsonTest", "JsonTest\JsonTest.csproj", "{52D95CBC-FD32-4460-AF95-37F24448E919}"
EndProject
Project("{FAE04EC0-301F-11D3-BF4B-00C04F79EFBC}") = "ExamToasterConsole", "ExamToasterConsole\ExamToasterConsole.csproj", "{2DCF6849-E3F7-4A77-A4F0-3CFE8C76B0BC}"
EndProject
Global
	GlobalSection(SolutionConfigurationPlatforms) = preSolution
		Debug|Any CPU = Debug|Any CPU
		Release|Any CPU = Release|Any CPU
	EndGlobalSection
	GlobalSection(ProjectConfigurationPlatforms) = postSolution
		{52D95CBC-FD32-4460-AF95-37F24448E919}.Debug|Any CPU.ActiveCfg = Debug|Any CPU
		{52D95CBC-FD32-4460-AF95-37F24448E919}.Debug|Any CPU.Build.0 = Debug|Any CPU
		{52D95CBC-FD32-4460-AF95-37F24448E919}.Release|Any CPU.ActiveCfg = Release|Any CPU
		{52D95CBC-FD32-4460-AF95-37F24448E919}.Release|Any CPU.Build.0 = Release|Any CPU
		{2DCF6849-E3F7-4A77-A4F0-3CFE8C76B0BC}.Debug|Any CPU.ActiveCfg = Debug|Any CPU
		{2DCF6849-E3F7-4A77-A4F0-3CFE8C76B0BC}.Debug|Any CPU.Build.0 = Debug|Any CPU
		{2DCF6849-E3F7-4A77-A4F0-3CFE8C76B0BC}.Release|Any CPU.ActiveCfg = Release|Any CPU
		{2DCF6849-E3F7-4A77-A4F0-3CFE8C76B0BC}.Release|Any CPU.Build.0 = Release|Any CPU
	EndGlobalSection
	GlobalSection(SolutionProperties) = preSolution
		HideSolutionNode = FALSE
	EndGlobalSection
	GlobalSection(ExtensibilityGlobals) = postSolution
		SolutionGuid = {2DE10A47-8390-490E-ADDB-96ED926C7358}
	EndGlobalSection
EndGlobal
